
Microsoft Visual Studio Solution File, Format Version 12.00
# Visual Studio Version 17
VisualStudioVersion = 17.11.35222.181
MinimumVisualStudioVersion = 10.0.40219.1
Project("{8BC9CEB8-8B4A-11D0-8D11-00A0C91BC942}") = "PR-4.6", "PR-4.6\PR-4.6.vcxproj", "{FC47FE01-A0D8-4AB4-B6FE-2B06BC6DCB67}"
EndProject
Global
	GlobalSection(SolutionConfigurationPlatforms) = preSolution
		Debug|x64 = Debug|x64
		Debug|x86 = Debug|x86
		Release|x64 = Release|x64
		Release|x86 = Release|x86
	EndGlobalSection
	GlobalSection(ProjectConfigurationPlatforms) = postSolution
		{FC47FE01-A0D8-4AB4-B6FE-2B06BC6DCB67}.Debug|x64.ActiveCfg = Debug|x64
		{FC47FE01-A0D8-4AB4-B6FE-2B06BC6DCB67}.Debug|x64.Build.0 = Debug|x64
		{FC47FE01-A0D8-4AB4-B6FE-2B06BC6DCB67}.Debug|x86.ActiveCfg = Debug|Win32
		{FC47FE01-A0D8-4AB4-B6FE-2B06BC6DCB67}.Debug|x86.Build.0 = Debug|Win32
		{FC47FE01-A0D8-4AB4-B6FE-2B06BC6DCB67}.Release|x64.ActiveCfg = Release|x64
		{FC47FE01-A0D8-4AB4-B6FE-2B06BC6DCB67}.Release|x64.Build.0 = Release|x64
		{FC47FE01-A0D8-4AB4-B6FE-2B06BC6DCB67}.Release|x86.ActiveCfg = Release|Win32
		{FC47FE01-A0D8-4AB4-B6FE-2B06BC6DCB67}.Release|x86.Build.0 = Release|Win32
	EndGlobalSection
	GlobalSection(SolutionProperties) = preSolution
		HideSolutionNode = FALSE
	EndGlobalSection
	GlobalSection(ExtensibilityGlobals) = postSolution
		SolutionGuid = {B8A0FFD0-20AB-47B2-9697-568A0B96BF52}
	EndGlobalSection
EndGlobal
